
Microsoft Visual Studio Solution File, Format Version 12.00
# Visual Studio Version 17
VisualStudioVersion = 17.5.2.0
MinimumVisualStudioVersion = 10.0.40219.1
Project("{FAE04EC0-301F-11D3-BF4B-00C04F79EFBC}") = "Lib", "Lib\Lib.csproj", "{7E10AD07-EE07-4DD9-813B-5ECE447CEE9E}"
EndProject
Project("{FAE04EC0-301F-11D3-BF4B-00C04F79EFBC}") = "Demo", "Demo\Demo.csproj", "{EFA69CCE-EE77-4296-AA60-73434E01AD1A}"
EndProject
Global
	GlobalSection(SolutionConfigurationPlatforms) = preSolution
		Debug|Any CPU = Debug|Any CPU
		Debug|x64 = Debug|x64
		Debug|x86 = Debug|x86
		Release|Any CPU = Release|Any CPU
		Release|x64 = Release|x64
		Release|x86 = Release|x86
	EndGlobalSection
	GlobalSection(ProjectConfigurationPlatforms) = postSolution
		{7E10AD07-EE07-4DD9-813B-5ECE447CEE9E}.Debug|Any CPU.ActiveCfg = Debug|Any CPU
		{7E10AD07-EE07-4DD9-813B-5ECE447CEE9E}.Debug|Any CPU.Build.0 = Debug|Any CPU
		{7E10AD07-EE07-4DD9-813B-5ECE447CEE9E}.Debug|x64.ActiveCfg = Debug|Any CPU
		{7E10AD07-EE07-4DD9-813B-5ECE447CEE9E}.Debug|x64.Build.0 = Debug|Any CPU
		{7E10AD07-EE07-4DD9-813B-5ECE447CEE9E}.Debug|x86.ActiveCfg = Debug|Any CPU
		{7E10AD07-EE07-4DD9-813B-5ECE447CEE9E}.Debug|x86.Build.0 = Debug|Any CPU
		{7E10AD07-EE07-4DD9-813B-5ECE447CEE9E}.Release|Any CPU.ActiveCfg = Release|Any CPU
		{7E10AD07-EE07-4DD9-813B-5ECE447CEE9E}.Release|Any CPU.Build.0 = Release|Any CPU
		{7E10AD07-EE07-4DD9-813B-5ECE447CEE9E}.Release|x64.ActiveCfg = Release|Any CPU
		{7E10AD07-EE07-4DD9-813B-5ECE447CEE9E}.Release|x64.Build.0 = Release|Any CPU
		{7E10AD07-EE07-4DD9-813B-5ECE447CEE9E}.Release|x86.ActiveCfg = Release|Any CPU
		{7E10AD07-EE07-4DD9-813B-5ECE447CEE9E}.Release|x86.Build.0 = Release|Any CPU
		{EFA69CCE-EE77-4296-AA60-73434E01AD1A}.Debug|Any CPU.ActiveCfg = Debug|Any CPU
		{EFA69CCE-EE77-4296-AA60-73434E01AD1A}.Debug|Any CPU.Build.0 = Debug|Any CPU
		{EFA69CCE-EE77-4296-AA60-73434E01AD1A}.Debug|x64.ActiveCfg = Debug|Any CPU
		{EFA69CCE-EE77-4296-AA60-73434E01AD1A}.Debug|x64.Build.0 = Debug|Any CPU
		{EFA69CCE-EE77-4296-AA60-73434E01AD1A}.Debug|x86.ActiveCfg = Debug|Any CPU
		{EFA69CCE-EE77-4296-AA60-73434E01AD1A}.Debug|x86.Build.0 = Debug|Any CPU
		{EFA69CCE-EE77-4296-AA60-73434E01AD1A}.Release|Any CPU.ActiveCfg = Release|Any CPU
		{EFA69CCE-EE77-4296-AA60-73434E01AD1A}.Release|Any CPU.Build.0 = Release|Any CPU
		{EFA69CCE-EE77-4296-AA60-73434E01AD1A}.Release|x64.ActiveCfg = Release|Any CPU
		{EFA69CCE-EE77-4296-AA60-73434E01AD1A}.Release|x64.Build.0 = Release|Any CPU
		{EFA69CCE-EE77-4296-AA60-73434E01AD1A}.Release|x86.ActiveCfg = Release|Any CPU
		{EFA69CCE-EE77-4296-AA60-73434E01AD1A}.Release|x86.Build.0 = Release|Any CPU
	EndGlobalSection
	GlobalSection(SolutionProperties) = preSolution
		HideSolutionNode = FALSE
	EndGlobalSection
	GlobalSection(ExtensibilityGlobals) = postSolution
		SolutionGuid = {45958D03-9E93-47B3-AEDA-79626CB3F3FF}
	EndGlobalSection
EndGlobal
